
Microsoft Visual Studio Solution File, Format Version 12.00
# Visual Studio Version 17
VisualStudioVersion = 17.0.31903.59
MinimumVisualStudioVersion = 10.0.40219.1
Project("{FAE04EC0-301F-11D3-BF4B-00C04F79EFBC}") = "NávrhoveVzory_III_RUR", "NávrhoveVzory_III_RUR\NávrhoveVzory_III_RUR.csproj", "{C2D4C295-E3CC-482E-BB6C-989946332D51}"
EndProject
Global
	GlobalSection(SolutionConfigurationPlatforms) = preSolution
		Debug|Any CPU = Debug|Any CPU
		Release|Any CPU = Release|Any CPU
	EndGlobalSection
	GlobalSection(ProjectConfigurationPlatforms) = postSolution
		{C2D4C295-E3CC-482E-BB6C-989946332D51}.Debug|Any CPU.ActiveCfg = Debug|Any CPU
		{C2D4C295-E3CC-482E-BB6C-989946332D51}.Debug|Any CPU.Build.0 = Debug|Any CPU
		{C2D4C295-E3CC-482E-BB6C-989946332D51}.Release|Any CPU.ActiveCfg = Release|Any CPU
		{C2D4C295-E3CC-482E-BB6C-989946332D51}.Release|Any CPU.Build.0 = Release|Any CPU
	EndGlobalSection
	GlobalSection(SolutionProperties) = preSolution
		HideSolutionNode = FALSE
	EndGlobalSection
	GlobalSection(ExtensibilityGlobals) = postSolution
		SolutionGuid = {8D92CCEB-84C8-4EA7-BAF9-BC79D0D3E0C0}
	EndGlobalSection
EndGlobal
